
Microsoft Visual Studio Solution File, Format Version 12.00
# Visual Studio Version 17
VisualStudioVersion = 17.8.34525.116
MinimumVisualStudioVersion = 10.0.40219.1
Project("{FAE04EC0-301F-11D3-BF4B-00C04F79EFBC}") = "E-Commerce", "E-Commerce.csproj", "{CAD378B1-71DE-4CC3-B514-7FBFFF9BB94B}"
EndProject
Global
	GlobalSection(SolutionConfigurationPlatforms) = preSolution
		Debug|Any CPU = Debug|Any CPU
		Release|Any CPU = Release|Any CPU
	EndGlobalSection
	GlobalSection(ProjectConfigurationPlatforms) = postSolution
		{CAD378B1-71DE-4CC3-B514-7FBFFF9BB94B}.Debug|Any CPU.ActiveCfg = Debug|Any CPU
		{CAD378B1-71DE-4CC3-B514-7FBFFF9BB94B}.Debug|Any CPU.Build.0 = Debug|Any CPU
		{CAD378B1-71DE-4CC3-B514-7FBFFF9BB94B}.Debug|Any CPU.Deploy.0 = Debug|Any CPU
		{CAD378B1-71DE-4CC3-B514-7FBFFF9BB94B}.Release|Any CPU.ActiveCfg = Release|Any CPU
		{CAD378B1-71DE-4CC3-B514-7FBFFF9BB94B}.Release|Any CPU.Build.0 = Release|Any CPU
		{CAD378B1-71DE-4CC3-B514-7FBFFF9BB94B}.Release|Any CPU.Deploy.0 = Release|Any CPU
	EndGlobalSection
	GlobalSection(SolutionProperties) = preSolution
		HideSolutionNode = FALSE
	EndGlobalSection
	GlobalSection(ExtensibilityGlobals) = postSolution
		SolutionGuid = {930E6705-1B5F-4C56-A295-4EDEA90D8DF3}
	EndGlobalSection
EndGlobal
